
Microsoft Visual Studio Solution File, Format Version 12.00
# Visual Studio Version 16
VisualStudioVersion = 16.0.28803.352
MinimumVisualStudioVersion = 10.0.40219.1
Project("{FAE04EC0-301F-11D3-BF4B-00C04F79EFBC}") = "GameFocus", "GameFocus\GameFocus.csproj", "{2EF89FC3-BDC6-4D5A-AD53-26996F36B794}"
EndProject
Project("{2150E333-8FDC-42A3-9474-1A3956D46DE8}") = "Solution Items", "Solution Items", "{84DE41A8-5ECE-40E0-AF90-5E8738181187}"
	ProjectSection(SolutionItems) = preProject
		README.md = README.md
	EndProjectSection
EndProject
Global
	GlobalSection(SolutionConfigurationPlatforms) = preSolution
		Debug|Any CPU = Debug|Any CPU
		Release|Any CPU = Release|Any CPU
	EndGlobalSection
	GlobalSection(ProjectConfigurationPlatforms) = postSolution
		{2EF89FC3-BDC6-4D5A-AD53-26996F36B794}.Debug|Any CPU.ActiveCfg = Debug|Any CPU
		{2EF89FC3-BDC6-4D5A-AD53-26996F36B794}.Debug|Any CPU.Build.0 = Debug|Any CPU
		{2EF89FC3-BDC6-4D5A-AD53-26996F36B794}.Release|Any CPU.ActiveCfg = Release|Any CPU
		{2EF89FC3-BDC6-4D5A-AD53-26996F36B794}.Release|Any CPU.Build.0 = Release|Any CPU
	EndGlobalSection
	GlobalSection(SolutionProperties) = preSolution
		HideSolutionNode = FALSE
	EndGlobalSection
	GlobalSection(ExtensibilityGlobals) = postSolution
		SolutionGuid = {1EE686F9-F723-46B7-AB9A-A86F08EFA44B}
	EndGlobalSection
EndGlobal
